
Microsoft Visual Studio Solution File, Format Version 12.00
# Visual Studio Version 17
VisualStudioVersion = 17.9.34728.123
MinimumVisualStudioVersion = 10.0.40219.1
Project("{FAE04EC0-301F-11D3-BF4B-00C04F79EFBC}") = "Bank", "Bank\Bank.csproj", "{8D809A5F-1978-4D94-9618-50E2FD103CE8}"
EndProject
Project("{FAE04EC0-301F-11D3-BF4B-00C04F79EFBC}") = "BankTest", "BankTest\BankTest.csproj", "{AA76BFDD-D248-4387-950C-24C584D5887B}"
EndProject
Global
	GlobalSection(SolutionConfigurationPlatforms) = preSolution
		Debug|Any CPU = Debug|Any CPU
		Release|Any CPU = Release|Any CPU
	EndGlobalSection
	GlobalSection(ProjectConfigurationPlatforms) = postSolution
		{8D809A5F-1978-4D94-9618-50E2FD103CE8}.Debug|Any CPU.ActiveCfg = Debug|Any CPU
		{8D809A5F-1978-4D94-9618-50E2FD103CE8}.Debug|Any CPU.Build.0 = Debug|Any CPU
		{8D809A5F-1978-4D94-9618-50E2FD103CE8}.Release|Any CPU.ActiveCfg = Release|Any CPU
		{8D809A5F-1978-4D94-9618-50E2FD103CE8}.Release|Any CPU.Build.0 = Release|Any CPU
		{AA76BFDD-D248-4387-950C-24C584D5887B}.Debug|Any CPU.ActiveCfg = Debug|Any CPU
		{AA76BFDD-D248-4387-950C-24C584D5887B}.Debug|Any CPU.Build.0 = Debug|Any CPU
		{AA76BFDD-D248-4387-950C-24C584D5887B}.Release|Any CPU.ActiveCfg = Release|Any CPU
		{AA76BFDD-D248-4387-950C-24C584D5887B}.Release|Any CPU.Build.0 = Release|Any CPU
	EndGlobalSection
	GlobalSection(SolutionProperties) = preSolution
		HideSolutionNode = FALSE
	EndGlobalSection
	GlobalSection(ExtensibilityGlobals) = postSolution
		SolutionGuid = {5A1B4397-4A48-4FF5-B9EB-3B05661CBBEB}
	EndGlobalSection
EndGlobal
